<?xml version="1.0" encoding="utf-8"?>
<Project ToolsVersion="4.0" xmlns="http://schemas.microsoft.com/developer/msbuild/2003">
  <ItemGroup>
    <Filter Include="Source Files">
      <UniqueIdentifier>{4FC737F1-C7A5-4376-A066-2A32D752A2FF}</UniqueIdentifier>
      <Extensions>cpp;c;cc;cxx;def;odl;idl;hpj;bat;asm;asmx</Extensions>
    </Filter>
    <Filter Include="Header Files">
      <UniqueIdentifier>{93995380-89BD-4b04-88EB-625FBE52EBFB}</UniqueIdentifier>
      <Extensions>h;hh;hpp;hxx;hm;inl;inc;xsd</Extensions>
    </Filter>
    <Filter Include="Resource Files">
      <UniqueIdentifier>{67DA6AB6-F800-4c08-8B7A-83BB121AAD01}</UniqueIdentifier>
      <Extensions>rc;ico;cur;bmp;dlg;rc2;rct;bin;rgs;gif;jpg;jpeg;jpe;resx;tiff;tif;png;wav;mfcribbon-ms</Extensions>
    </Filter>
  </ItemGroup>
  <ItemGroup>
    <ClCompile Include="..\..\source\compare.cc">
      <Filter>Source Files</Filter>
    </ClCompile>
    <ClCompile Include="..\..\source\compare_common.cc">
      <Filter>Source Files</Filter>
    </ClCompile>
    <ClCompile Include="..\..\source\compare_gcc.cc">
      <Filter>Source Files</Filter>
    </ClCompile>
    <ClCompile Include="..\..\source\compare_neon.cc">
      <Filter>Source Files</Filter>
    </ClCompile>
    <ClCompile Include="..\..\source\compare_neon64.cc">
      <Filter>Source Files</Filter>
    </ClCompile>
    <ClCompile Include="..\..\source\compare_win.cc">
      <Filter>Source Files</Filter>
    </ClCompile>
    <ClCompile Include="..\..\source\convert.cc">
      <Filter>Source Files</Filter>
    </ClCompile>
    <ClCompile Include="..\..\source\convert_argb.cc">
      <Filter>Source Files</Filter>
    </ClCompile>
    <ClCompile Include="..\..\source\convert_from.cc">
      <Filter>Source Files</Filter>
    </ClCompile>
    <ClCompile Include="..\..\source\convert_from_argb.cc">
      <Filter>Source Files</Filter>
    </ClCompile>
    <ClCompile Include="..\..\source\convert_jpeg.cc">
      <Filter>Source Files</Filter>
    </ClCompile>
    <ClCompile Include="..\..\source\convert_to_argb.cc">
      <Filter>Source Files</Filter>
    </ClCompile>
    <ClCompile Include="..\..\source\convert_to_i420.cc">
      <Filter>Source Files</Filter>
    </ClCompile>
    <ClCompile Include="..\..\source\cpu_id.cc">
      <Filter>Source Files</Filter>
    </ClCompile>
    <ClCompile Include="..\..\source\mjpeg_decoder.cc">
      <Filter>Source Files</Filter>
    </ClCompile>
    <ClCompile Include="..\..\source\mjpeg_validate.cc">
      <Filter>Source Files</Filter>
    </ClCompile>
    <ClCompile Include="..\..\source\planar_functions.cc">
      <Filter>Source Files</Filter>
    </ClCompile>
    <ClCompile Include="..\..\source\rotate.cc">
      <Filter>Source Files</Filter>
    </ClCompile>
    <ClCompile Include="..\..\source\rotate_argb.cc">
      <Filter>Source Files</Filter>
    </ClCompile>
    <ClCompile Include="..\..\source\rotate_mips.cc">
      <Filter>Source Files</Filter>
    </ClCompile>
    <ClCompile Include="..\..\source\rotate_neon.cc">
      <Filter>Source Files</Filter>
    </ClCompile>
    <ClCompile Include="..\..\source\rotate_neon64.cc">
      <Filter>Source Files</Filter>
    </ClCompile>
    <ClCompile Include="..\..\source\row_any.cc">
      <Filter>Source Files</Filter>
    </ClCompile>
    <ClCompile Include="..\..\source\row_common.cc">
      <Filter>Source Files</Filter>
    </ClCompile>
    <ClCompile Include="..\..\source\row_gcc.cc">
      <Filter>Source Files</Filter>
    </ClCompile>
    <ClCompile Include="..\..\source\row_mips.cc">
      <Filter>Source Files</Filter>
    </ClCompile>
    <ClCompile Include="..\..\source\row_neon.cc">
      <Filter>Source Files</Filter>
    </ClCompile>
    <ClCompile Include="..\..\source\row_neon64.cc">
      <Filter>Source Files</Filter>
    </ClCompile>
    <ClCompile Include="..\..\source\row_win.cc">
      <Filter>Source Files</Filter>
    </ClCompile>
    <ClCompile Include="..\..\source\scale.cc">
      <Filter>Source Files</Filter>
    </ClCompile>
    <ClCompile Include="..\..\source\scale_any.cc">
      <Filter>Source Files</Filter>
    </ClCompile>
    <ClCompile Include="..\..\source\scale_argb.cc">
      <Filter>Source Files</Filter>
    </ClCompile>
    <ClCompile Include="..\..\source\scale_common.cc">
      <Filter>Source Files</Filter>
    </ClCompile>
    <ClCompile Include="..\..\source\scale_gcc.cc">
      <Filter>Source Files</Filter>
    </ClCompile>
    <ClCompile Include="..\..\source\scale_mips.cc">
      <Filter>Source Files</Filter>
    </ClCompile>
    <ClCompile Include="..\..\source\scale_neon.cc">
      <Filter>Source Files</Filter>
    </ClCompile>
    <ClCompile Include="..\..\source\scale_neon64.cc">
      <Filter>Source Files</Filter>
    </ClCompile>
    <ClCompile Include="..\..\source\scale_win.cc">
      <Filter>Source Files</Filter>
    </ClCompile>
    <ClCompile Include="..\..\source\video_common.cc">
      <Filter>Source Files</Filter>
    </ClCompile>
    <ClCompile Include="main.cpp">
      <Filter>Source Files</Filter>
    </ClCompile>
  </ItemGroup>
  <ItemGroup>
    <ClInclude Include="..\..\include\libyuv\basic_types.h">
      <Filter>Header Files</Filter>
    </ClInclude>
    <ClInclude Include="..\..\include\libyuv\compare.h">
      <Filter>Header Files</Filter>
    </ClInclude>
    <ClInclude Include="..\..\include\libyuv\convert.h">
      <Filter>Header Files</Filter>
    </ClInclude>
    <ClInclude Include="..\..\include\libyuv\convert_argb.h">
      <Filter>Header Files</Filter>
    </ClInclude>
    <ClInclude Include="..\..\include\libyuv\convert_from.h">
      <Filter>Header Files</Filter>
    </ClInclude>
    <ClInclude Include="..\..\include\libyuv\convert_from_argb.h">
      <Filter>Header Files</Filter>
    </ClInclude>
    <ClInclude Include="..\..\include\libyuv\cpu_id.h">
      <Filter>Header Files</Filter>
    </ClInclude>
    <ClInclude Include="..\..\include\libyuv\mjpeg_decoder.h">
      <Filter>Header Files</Filter>
    </ClInclude>
    <ClInclude Include="..\..\include\libyuv\planar_functions.h">
      <Filter>Header Files</Filter>
    </ClInclude>
    <ClInclude Include="..\..\include\libyuv\rotate.h">
      <Filter>Header Files</Filter>
    </ClInclude>
    <ClInclude Include="..\..\include\libyuv\rotate_argb.h">
      <Filter>Header Files</Filter>
    </ClInclude>
    <ClInclude Include="..\..\include\libyuv\row.h">
      <Filter>Header Files</Filter>
    </ClInclude>
    <ClInclude Include="..\..\include\libyuv\scale.h">
      <Filter>Header Files</Filter>
    </ClInclude>
    <ClInclude Include="..\..\include\libyuv\scale_argb.h">
      <Filter>Header Files</Filter>
    </ClInclude>
    <ClInclude Include="..\..\include\libyuv\scale_row.h">
      <Filter>Header Files</Filter>
    </ClInclude>
    <ClInclude Include="..\..\include\libyuv\version.h">
      <Filter>Header Files</Filter>
    </ClInclude>
    <ClInclude Include="..\..\include\libyuv\video_common.h">
      <Filter>Header Files</Filter>
    </ClInclude>
    <ClInclude Include="..\..\include\libyuv.h">
      <Filter>Header Files</Filter>
    </ClInclude>
  </ItemGroup>
</Project>